
Microsoft Visual Studio Solution File, Format Version 12.00
# Visual Studio Version 17
VisualStudioVersion = 17.5.33516.290
MinimumVisualStudioVersion = 10.0.40219.1
Project("{FAE04EC0-301F-11D3-BF4B-00C04F79EFBC}") = "Cats 5", "Cats 5.csproj", "{88B333BC-0D1F-4D56-920F-7A14CB0320F0}"
EndProject
Global
	GlobalSection(SolutionConfigurationPlatforms) = preSolution
		Debug|Any CPU = Debug|Any CPU
		Release|Any CPU = Release|Any CPU
	EndGlobalSection
	GlobalSection(ProjectConfigurationPlatforms) = postSolution
		{88B333BC-0D1F-4D56-920F-7A14CB0320F0}.Debug|Any CPU.ActiveCfg = Debug|Any CPU
		{88B333BC-0D1F-4D56-920F-7A14CB0320F0}.Debug|Any CPU.Build.0 = Debug|Any CPU
		{88B333BC-0D1F-4D56-920F-7A14CB0320F0}.Release|Any CPU.ActiveCfg = Release|Any CPU
		{88B333BC-0D1F-4D56-920F-7A14CB0320F0}.Release|Any CPU.Build.0 = Release|Any CPU
	EndGlobalSection
	GlobalSection(SolutionProperties) = preSolution
		HideSolutionNode = FALSE
	EndGlobalSection
	GlobalSection(ExtensibilityGlobals) = postSolution
		SolutionGuid = {9DD54107-D9FC-4895-8133-393BD1E36D03}
	EndGlobalSection
EndGlobal
